
Microsoft Visual Studio Solution File, Format Version 12.00
# Visual Studio 15
VisualStudioVersion = 15.0.27004.2005
MinimumVisualStudioVersion = 10.0.40219.1
Project("{FAE04EC0-301F-11D3-BF4B-00C04F79EFBC}") = "BeautySalon", "BeautySalon\BeautySalon.csproj", "{8AFB1986-E89A-4FA7-8285-6D0B73D071DF}"
EndProject
Global
	GlobalSection(SolutionConfigurationPlatforms) = preSolution
		Debug|Any CPU = Debug|Any CPU
		Release|Any CPU = Release|Any CPU
	EndGlobalSection
	GlobalSection(ProjectConfigurationPlatforms) = postSolution
		{8AFB1986-E89A-4FA7-8285-6D0B73D071DF}.Debug|Any CPU.ActiveCfg = Debug|Any CPU
		{8AFB1986-E89A-4FA7-8285-6D0B73D071DF}.Debug|Any CPU.Build.0 = Debug|Any CPU
		{8AFB1986-E89A-4FA7-8285-6D0B73D071DF}.Release|Any CPU.ActiveCfg = Release|Any CPU
		{8AFB1986-E89A-4FA7-8285-6D0B73D071DF}.Release|Any CPU.Build.0 = Release|Any CPU
	EndGlobalSection
	GlobalSection(SolutionProperties) = preSolution
		HideSolutionNode = FALSE
	EndGlobalSection
	GlobalSection(ExtensibilityGlobals) = postSolution
		SolutionGuid = {30172E50-BBBD-4FBD-A272-94F8D1338463}
	EndGlobalSection
EndGlobal
